
Microsoft Visual Studio Solution File, Format Version 12.00
# Visual Studio Version 16
VisualStudioVersion = 16.0.31729.503
MinimumVisualStudioVersion = 10.0.40219.1
Project("{FAE04EC0-301F-11D3-BF4B-00C04F79EFBC}") = "ServerForGame", "ServerForGame.csproj", "{6067F534-0B5E-471B-9E46-2E987425E2CF}"
EndProject
Global
	GlobalSection(SolutionConfigurationPlatforms) = preSolution
		Debug|Any CPU = Debug|Any CPU
		Release|Any CPU = Release|Any CPU
	EndGlobalSection
	GlobalSection(ProjectConfigurationPlatforms) = postSolution
		{6067F534-0B5E-471B-9E46-2E987425E2CF}.Debug|Any CPU.ActiveCfg = Debug|Any CPU
		{6067F534-0B5E-471B-9E46-2E987425E2CF}.Debug|Any CPU.Build.0 = Debug|Any CPU
		{6067F534-0B5E-471B-9E46-2E987425E2CF}.Release|Any CPU.ActiveCfg = Release|Any CPU
		{6067F534-0B5E-471B-9E46-2E987425E2CF}.Release|Any CPU.Build.0 = Release|Any CPU
	EndGlobalSection
	GlobalSection(SolutionProperties) = preSolution
		HideSolutionNode = FALSE
	EndGlobalSection
	GlobalSection(ExtensibilityGlobals) = postSolution
		SolutionGuid = {146021CF-01BD-4151-88F8-44E2363F8360}
	EndGlobalSection
EndGlobal
